
Microsoft Visual Studio Solution File, Format Version 12.00
# Visual Studio Version 16
VisualStudioVersion = 16.0.29519.181
MinimumVisualStudioVersion = 10.0.40219.1
Project("{FAE04EC0-301F-11D3-BF4B-00C04F79EFBC}") = "Area_of_Rectangle", "Area_of_Rectangle\Area_of_Rectangle.csproj", "{9AAE2082-9D2B-400B-AAD0-CC59B689B60F}"
EndProject
Global
	GlobalSection(SolutionConfigurationPlatforms) = preSolution
		Debug|Any CPU = Debug|Any CPU
		Release|Any CPU = Release|Any CPU
	EndGlobalSection
	GlobalSection(ProjectConfigurationPlatforms) = postSolution
		{9AAE2082-9D2B-400B-AAD0-CC59B689B60F}.Debug|Any CPU.ActiveCfg = Debug|Any CPU
		{9AAE2082-9D2B-400B-AAD0-CC59B689B60F}.Debug|Any CPU.Build.0 = Debug|Any CPU
		{9AAE2082-9D2B-400B-AAD0-CC59B689B60F}.Release|Any CPU.ActiveCfg = Release|Any CPU
		{9AAE2082-9D2B-400B-AAD0-CC59B689B60F}.Release|Any CPU.Build.0 = Release|Any CPU
	EndGlobalSection
	GlobalSection(SolutionProperties) = preSolution
		HideSolutionNode = FALSE
	EndGlobalSection
	GlobalSection(ExtensibilityGlobals) = postSolution
		SolutionGuid = {EF21998D-CD15-4B11-9A30-A28E75F350B3}
	EndGlobalSection
EndGlobal
